# This file is automatically @generated by Cargo.
# It is not intended for manual editing.
version = 4

[[package]]
name = "assertables"
version = "9.5.5"
source = "registry+https://github.com/rust-lang/crates.io-index"
checksum = "46109705783fa5733709a155971ad89cdd188d45b7e20fba7906f0d6b4f864e3"

[[package]]
name = "simple_random"
version = "0.1.0"
dependencies = [
 "assertables",
]
